// !$*UTF8*$!
{
	archiveVersion = 1;
	classes = {
	};
	objectVersion = 55;
	objects = {

/* Begin PBXBuildFile section */
		04158ECD2840C1AD000F2BBD /* PhotoGallery.swift in Sources */ = {isa = PBXBuildFile; fileRef = 04158ECC2840C1AD000F2BBD /* PhotoGallery.swift */; };
		04158ED02840C2BC000F2BBD /* PhotoCollectionViewCell.swift in Sources */ = {isa = PBXBuildFile; fileRef = 04158ECE2840C2BC000F2BBD /* PhotoCollectionViewCell.swift */; };
		04158ED12840C2BC000F2BBD /* PhotoCollectionViewCell.xib in Resources */ = {isa = PBXBuildFile; fileRef = 04158ECF2840C2BC000F2BBD /* PhotoCollectionViewCell.xib */; };
		0426720E284BA2BE00B77B40 /* FullScreenViewController.swift in Sources */ = {isa = PBXBuildFile; fileRef = 0426720D284BA2BE00B77B40 /* FullScreenViewController.swift */; };
		04267211284BA42D00B77B40 /* FullScreenCollectionViewCell.swift in Sources */ = {isa = PBXBuildFile; fileRef = 0426720F284BA42D00B77B40 /* FullScreenCollectionViewCell.swift */; };
		04267212284BA42D00B77B40 /* FullScreenCollectionViewCell.xib in Resources */ = {isa = PBXBuildFile; fileRef = 04267210284BA42D00B77B40 /* FullScreenCollectionViewCell.xib */; };
		043DDC8E2846163100522596 /* FriendsViewController.swift in Sources */ = {isa = PBXBuildFile; fileRef = 043DDC8D2846163100522596 /* FriendsViewController.swift */; };
		043DDC90284621D100522596 /* FriendsTableViewCell.swift in Sources */ = {isa = PBXBuildFile; fileRef = 043DDC8F284621D100522596 /* FriendsTableViewCell.swift */; };
		043DDC932846238C00522596 /* User.swift in Sources */ = {isa = PBXBuildFile; fileRef = 043DDC922846238C00522596 /* User.swift */; };
		043DDC952846240600522596 /* ModelFriends.swift in Sources */ = {isa = PBXBuildFile; fileRef = 043DDC942846240600522596 /* ModelFriends.swift */; };
		043DDC9728462E3A00522596 /* FriendViewController.swift in Sources */ = {isa = PBXBuildFile; fileRef = 043DDC9628462E3A00522596 /* FriendViewController.swift */; };
		046BA0EC283F74E000E62FD9 /* AppDelegate.swift in Sources */ = {isa = PBXBuildFile; fileRef = 046BA0EB283F74E000E62FD9 /* AppDelegate.swift */; };
		046BA0EE283F74E000E62FD9 /* SceneDelegate.swift in Sources */ = {isa = PBXBuildFile; fileRef = 046BA0ED283F74E000E62FD9 /* SceneDelegate.swift */; };
		046BA0F0283F74E000E62FD9 /* ProfileViewController.swift in Sources */ = {isa = PBXBuildFile; fileRef = 046BA0EF283F74E000E62FD9 /* ProfileViewController.swift */; };
		046BA0F3283F74E000E62FD9 /* Main.storyboard in Resources */ = {isa = PBXBuildFile; fileRef = 046BA0F1283F74E000E62FD9 /* Main.storyboard */; };
		046BA0F5283F74E100E62FD9 /* Assets.xcassets in Resources */ = {isa = PBXBuildFile; fileRef = 046BA0F4283F74E100E62FD9 /* Assets.xcassets */; };
		046BA0F8283F74E100E62FD9 /* LaunchScreen.storyboard in Resources */ = {isa = PBXBuildFile; fileRef = 046BA0F6283F74E100E62FD9 /* LaunchScreen.storyboard */; };
		046BA14E283F933800E62FD9 /* Profile.storyboard in Resources */ = {isa = PBXBuildFile; fileRef = 046BA14D283F933800E62FD9 /* Profile.storyboard */; };
		046BA150283F939C00E62FD9 /* Friends.storyboard in Resources */ = {isa = PBXBuildFile; fileRef = 046BA14F283F939C00E62FD9 /* Friends.storyboard */; };
		046BA152283F93D600E62FD9 /* Map.storyboard in Resources */ = {isa = PBXBuildFile; fileRef = 046BA151283F93D600E62FD9 /* Map.storyboard */; };
		046BA154283F97D500E62FD9 /* Lato-Regular.ttf in Resources */ = {isa = PBXBuildFile; fileRef = 046BA153283F97D500E62FD9 /* Lato-Regular.ttf */; };
		047303932844F99C0049EFDE /* SettingsTableViewController.swift in Sources */ = {isa = PBXBuildFile; fileRef = 047303922844F99C0049EFDE /* SettingsTableViewController.swift */; };
		047E41AB28450B6A006790BF /* Settings.swift in Sources */ = {isa = PBXBuildFile; fileRef = 047E41AA28450B6A006790BF /* Settings.swift */; };
/* End PBXBuildFile section */

/* Begin PBXFileReference section */
		04158ECC2840C1AD000F2BBD /* PhotoGallery.swift */ = {isa = PBXFileReference; lastKnownFileType = sourcecode.swift; path = PhotoGallery.swift; sourceTree = "<group>"; };
		04158ECE2840C2BC000F2BBD /* PhotoCollectionViewCell.swift */ = {isa = PBXFileReference; lastKnownFileType = sourcecode.swift; path = PhotoCollectionViewCell.swift; sourceTree = "<group>"; };
		04158ECF2840C2BC000F2BBD /* PhotoCollectionViewCell.xib */ = {isa = PBXFileReference; lastKnownFileType = file.xib; path = PhotoCollectionViewCell.xib; sourceTree = "<group>"; };
		0426720D284BA2BE00B77B40 /* FullScreenViewController.swift */ = {isa = PBXFileReference; lastKnownFileType = sourcecode.swift; name = FullScreenViewController.swift; path = ../../FullScreenViewController.swift; sourceTree = "<group>"; };
		0426720F284BA42D00B77B40 /* FullScreenCollectionViewCell.swift */ = {isa = PBXFileReference; lastKnownFileType = sourcecode.swift; path = FullScreenCollectionViewCell.swift; sourceTree = "<group>"; };
		04267210284BA42D00B77B40 /* FullScreenCollectionViewCell.xib */ = {isa = PBXFileReference; lastKnownFileType = file.xib; path = FullScreenCollectionViewCell.xib; sourceTree = "<group>"; };
		043DDC8D2846163100522596 /* FriendsViewController.swift */ = {isa = PBXFileReference; lastKnownFileType = sourcecode.swift; path = FriendsViewController.swift; sourceTree = "<group>"; };
		043DDC8F284621D100522596 /* FriendsTableViewCell.swift */ = {isa = PBXFileReference; lastKnownFileType = sourcecode.swift; path = FriendsTableViewCell.swift; sourceTree = "<group>"; };
		043DDC922846238C00522596 /* User.swift */ = {isa = PBXFileReference; lastKnownFileType = sourcecode.swift; path = User.swift; sourceTree = "<group>"; };
		043DDC942846240600522596 /* ModelFriends.swift */ = {isa = PBXFileReference; lastKnownFileType = sourcecode.swift; path = ModelFriends.swift; sourceTree = "<group>"; };
		043DDC9628462E3A00522596 /* FriendViewController.swift */ = {isa = PBXFileReference; lastKnownFileType = sourcecode.swift; path = FriendViewController.swift; sourceTree = "<group>"; };
		046BA0E8283F74E000E62FD9 /* MyProjectOne.app */ = {isa = PBXFileReference; explicitFileType = wrapper.application; includeInIndex = 0; path = MyProjectOne.app; sourceTree = BUILT_PRODUCTS_DIR; };
		046BA0EB283F74E000E62FD9 /* AppDelegate.swift */ = {isa = PBXFileReference; lastKnownFileType = sourcecode.swift; path = AppDelegate.swift; sourceTree = "<group>"; };
		046BA0ED283F74E000E62FD9 /* SceneDelegate.swift */ = {isa = PBXFileReference; lastKnownFileType = sourcecode.swift; path = SceneDelegate.swift; sourceTree = "<group>"; };
		046BA0EF283F74E000E62FD9 /* ProfileViewController.swift */ = {isa = PBXFileReference; lastKnownFileType = sourcecode.swift; path = ProfileViewController.swift; sourceTree = "<group>"; };
		046BA0F2283F74E000E62FD9 /* Base */ = {isa = PBXFileReference; lastKnownFileType = file.storyboard; name = Base; path = Base.lproj/Main.storyboard; sourceTree = "<group>"; };
		046BA0F4283F74E100E62FD9 /* Assets.xcassets */ = {isa = PBXFileReference; lastKnownFileType = folder.assetcatalog; path = Assets.xcassets; sourceTree = "<group>"; };
		046BA0F7283F74E100E62FD9 /* Base */ = {isa = PBXFileReference; lastKnownFileType = file.storyboard; name = Base; path = Base.lproj/LaunchScreen.storyboard; sourceTree = "<group>"; };
		046BA0F9283F74E100E62FD9 /* Info.plist */ = {isa = PBXFileReference; lastKnownFileType = text.plist.xml; path = Info.plist; sourceTree = "<group>"; };
		046BA14D283F933800E62FD9 /* Profile.storyboard */ = {isa = PBXFileReference; lastKnownFileType = file.storyboard; path = Profile.storyboard; sourceTree = "<group>"; };
		046BA14F283F939C00E62FD9 /* Friends.storyboard */ = {isa = PBXFileReference; lastKnownFileType = file.storyboard; path = Friends.storyboard; sourceTree = "<group>"; };
		046BA151283F93D600E62FD9 /* Map.storyboard */ = {isa = PBXFileReference; lastKnownFileType = file.storyboard; path = Map.storyboard; sourceTree = "<group>"; };
		046BA153283F97D500E62FD9 /* Lato-Regular.ttf */ = {isa = PBXFileReference; lastKnownFileType = file; path = "Lato-Regular.ttf"; sourceTree = "<group>"; };
		047303922844F99C0049EFDE /* SettingsTableViewController.swift */ = {isa = PBXFileReference; lastKnownFileType = sourcecode.swift; path = SettingsTableViewController.swift; sourceTree = "<group>"; };
		047E41AA28450B6A006790BF /* Settings.swift */ = {isa = PBXFileReference; lastKnownFileType = sourcecode.swift; path = Settings.swift; sourceTree = "<group>"; };
/* End PBXFileReference section */

/* Begin PBXFrameworksBuildPhase section */
		046BA0E5283F74E000E62FD9 /* Frameworks */ = {
			isa = PBXFrameworksBuildPhase;
			buildActionMask = 2147483647;
			files = (
			);
			runOnlyForDeploymentPostprocessing = 0;
		};
/* End PBXFrameworksBuildPhase section */

/* Begin PBXGroup section */
		04158ECB2840C1A0000F2BBD /* Model */ = {
			isa = PBXGroup;
			children = (
				043DDC922846238C00522596 /* User.swift */,
				04158ECC2840C1AD000F2BBD /* PhotoGallery.swift */,
				047E41AA28450B6A006790BF /* Settings.swift */,
				043DDC942846240600522596 /* ModelFriends.swift */,
			);
			path = Model;
			sourceTree = "<group>";
		};
		04158ED22840C2C3000F2BBD /* Cells */ = {
			isa = PBXGroup;
			children = (
				043DDC8F284621D100522596 /* FriendsTableViewCell.swift */,
				04158ECE2840C2BC000F2BBD /* PhotoCollectionViewCell.swift */,
				04158ECF2840C2BC000F2BBD /* PhotoCollectionViewCell.xib */,
				0426720F284BA42D00B77B40 /* FullScreenCollectionViewCell.swift */,
				04267210284BA42D00B77B40 /* FullScreenCollectionViewCell.xib */,
			);
			path = Cells;
			sourceTree = "<group>";
		};
		046BA0DF283F74E000E62FD9 = {
			isa = PBXGroup;
			children = (
				046BA0EA283F74E000E62FD9 /* MyProjectOne */,
				046BA0E9283F74E000E62FD9 /* Products */,
			);
			sourceTree = "<group>";
		};
		046BA0E9283F74E000E62FD9 /* Products */ = {
			isa = PBXGroup;
			children = (
				046BA0E8283F74E000E62FD9 /* MyProjectOne.app */,
			);
			name = Products;
			sourceTree = "<group>";
		};
		046BA0EA283F74E000E62FD9 /* MyProjectOne */ = {
			isa = PBXGroup;
			children = (
				046BA0F9283F74E100E62FD9 /* Info.plist */,
				046BA0EB283F74E000E62FD9 /* AppDelegate.swift */,
				046BA0ED283F74E000E62FD9 /* SceneDelegate.swift */,
				04158ED22840C2C3000F2BBD /* Cells */,
				046BA14A283F92C200E62FD9 /* Controllers */,
				04158ECB2840C1A0000F2BBD /* Model */,
				046BA14C283F92E400E62FD9 /* Resources */,
				046BA14B283F92CF00E62FD9 /* View */,
			);
			path = MyProjectOne;
			sourceTree = "<group>";
		};
		046BA14A283F92C200E62FD9 /* Controllers */ = {
			isa = PBXGroup;
			children = (
				043DDC9628462E3A00522596 /* FriendViewController.swift */,
				043DDC8D2846163100522596 /* FriendsViewController.swift */,
				047303922844F99C0049EFDE /* SettingsTableViewController.swift */,
				046BA0EF283F74E000E62FD9 /* ProfileViewController.swift */,
				0426720D284BA2BE00B77B40 /* FullScreenViewController.swift */,
			);
			path = Controllers;
			sourceTree = "<group>";
		};
		046BA14B283F92CF00E62FD9 /* View */ = {
			isa = PBXGroup;
			children = (
				046BA0F6283F74E100E62FD9 /* LaunchScreen.storyboard */,
				046BA0F1283F74E000E62FD9 /* Main.storyboard */,
				046BA151283F93D600E62FD9 /* Map.storyboard */,
				046BA14F283F939C00E62FD9 /* Friends.storyboard */,
				046BA14D283F933800E62FD9 /* Profile.storyboard */,
			);
			path = View;
			sourceTree = "<group>";
		};
		046BA14C283F92E400E62FD9 /* Resources */ = {
			isa = PBXGroup;
			children = (
				046BA0F4283F74E100E62FD9 /* Assets.xcassets */,
				046BA153283F97D500E62FD9 /* Lato-Regular.ttf */,
			);
			path = Resources;
			sourceTree = "<group>";
		};
/* End PBXGroup section */

/* Begin PBXNativeTarget section */
		046BA0E7283F74E000E62FD9 /* MyProjectOne */ = {
			isa = PBXNativeTarget;
			buildConfigurationList = 046BA0FC283F74E100E62FD9 /* Build configuration list for PBXNativeTarget "MyProjectOne" */;
			buildPhases = (
				046BA0E4283F74E000E62FD9 /* Sources */,
				046BA0E5283F74E000E62FD9 /* Frameworks */,
				046BA0E6283F74E000E62FD9 /* Resources */,
			);
			buildRules = (
			);
			dependencies = (
			);
			name = MyProjectOne;
			productName = MyProjectOne;
			productReference = 046BA0E8283F74E000E62FD9 /* MyProjectOne.app */;
			productType = "com.apple.product-type.application";
		};
/* End PBXNativeTarget section */

/* Begin PBXProject section */
		046BA0E0283F74E000E62FD9 /* Project object */ = {
			isa = PBXProject;
			attributes = {
				BuildIndependentTargetsInParallel = 1;
				LastSwiftUpdateCheck = 1320;
				LastUpgradeCheck = 1320;
				TargetAttributes = {
					046BA0E7283F74E000E62FD9 = {
						CreatedOnToolsVersion = 13.2.1;
					};
				};
			};
			buildConfigurationList = 046BA0E3283F74E000E62FD9 /* Build configuration list for PBXProject "MyProjectOne" */;
			compatibilityVersion = "Xcode 13.0";
			developmentRegion = en;
			hasScannedForEncodings = 0;
			knownRegions = (
				en,
				Base,
			);
			mainGroup = 046BA0DF283F74E000E62FD9;
			productRefGroup = 046BA0E9283F74E000E62FD9 /* Products */;
			projectDirPath = "";
			projectRoot = "";
			targets = (
				046BA0E7283F74E000E62FD9 /* MyProjectOne */,
			);
		};
/* End PBXProject section */

/* Begin PBXResourcesBuildPhase section */
		046BA0E6283F74E000E62FD9 /* Resources */ = {
			isa = PBXResourcesBuildPhase;
			buildActionMask = 2147483647;
			files = (
				046BA0F8283F74E100E62FD9 /* LaunchScreen.storyboard in Resources */,
				046BA150283F939C00E62FD9 /* Friends.storyboard in Resources */,
				046BA0F5283F74E100E62FD9 /* Assets.xcassets in Resources */,
				046BA14E283F933800E62FD9 /* Profile.storyboard in Resources */,
				04267212284BA42D00B77B40 /* FullScreenCollectionViewCell.xib in Resources */,
				046BA154283F97D500E62FD9 /* Lato-Regular.ttf in Resources */,
				04158ED12840C2BC000F2BBD /* PhotoCollectionViewCell.xib in Resources */,
				046BA0F3283F74E000E62FD9 /* Main.storyboard in Resources */,
				046BA152283F93D600E62FD9 /* Map.storyboard in Resources */,
			);
			runOnlyForDeploymentPostprocessing = 0;
		};
/* End PBXResourcesBuildPhase section */

/* Begin PBXSourcesBuildPhase section */
		046BA0E4283F74E000E62FD9 /* Sources */ = {
			isa = PBXSourcesBuildPhase;
			buildActionMask = 2147483647;
			files = (
				043DDC9728462E3A00522596 /* FriendViewController.swift in Sources */,
				043DDC90284621D100522596 /* FriendsTableViewCell.swift in Sources */,
				043DDC8E2846163100522596 /* FriendsViewController.swift in Sources */,
				046BA0F0283F74E000E62FD9 /* ProfileViewController.swift in Sources */,
				046BA0EC283F74E000E62FD9 /* AppDelegate.swift in Sources */,
				0426720E284BA2BE00B77B40 /* FullScreenViewController.swift in Sources */,
				046BA0EE283F74E000E62FD9 /* SceneDelegate.swift in Sources */,
				04158ECD2840C1AD000F2BBD /* PhotoGallery.swift in Sources */,
				047E41AB28450B6A006790BF /* Settings.swift in Sources */,
				043DDC952846240600522596 /* ModelFriends.swift in Sources */,
				04158ED02840C2BC000F2BBD /* PhotoCollectionViewCell.swift in Sources */,
				043DDC932846238C00522596 /* User.swift in Sources */,
				047303932844F99C0049EFDE /* SettingsTableViewController.swift in Sources */,
				04267211284BA42D00B77B40 /* FullScreenCollectionViewCell.swift in Sources */,
			);
			runOnlyForDeploymentPostprocessing = 0;
		};
/* End PBXSourcesBuildPhase section */

/* Begin PBXVariantGroup section */
		046BA0F1283F74E000E62FD9 /* Main.storyboard */ = {
			isa = PBXVariantGroup;
			children = (
				046BA0F2283F74E000E62FD9 /* Base */,
			);
			name = Main.storyboard;
			sourceTree = "<group>";
		};
		046BA0F6283F74E100E62FD9 /* LaunchScreen.storyboard */ = {
			isa = PBXVariantGroup;
			children = (
				046BA0F7283F74E100E62FD9 /* Base */,
			);
			name = LaunchScreen.storyboard;
			sourceTree = "<group>";
		};
/* End PBXVariantGroup section */

/* Begin XCBuildConfiguration section */
		046BA0FA283F74E100E62FD9 /* Debug */ = {
			isa = XCBuildConfiguration;
			buildSettings = {
				ALWAYS_SEARCH_USER_PATHS = NO;
				CLANG_ANALYZER_NONNULL = YES;
				CLANG_ANALYZER_NUMBER_OBJECT_CONVERSION = YES_AGGRESSIVE;
				CLANG_CXX_LANGUAGE_STANDARD = "gnu++17";
				CLANG_CXX_LIBRARY = "libc++";
				CLANG_ENABLE_MODULES = YES;
				CLANG_ENABLE_OBJC_ARC = YES;
				CLANG_ENABLE_OBJC_WEAK = YES;
				CLANG_WARN_BLOCK_CAPTURE_AUTORELEASING = YES;
				CLANG_WARN_BOOL_CONVERSION = YES;
				CLANG_WARN_COMMA = YES;
				CLANG_WARN_CONSTANT_CONVERSION = YES;
				CLANG_WARN_DEPRECATED_OBJC_IMPLEMENTATIONS = YES;
				CLANG_WARN_DIRECT_OBJC_ISA_USAGE = YES_ERROR;
				CLANG_WARN_DOCUMENTATION_COMMENTS = YES;
				CLANG_WARN_EMPTY_BODY = YES;
				CLANG_WARN_ENUM_CONVERSION = YES;
				CLANG_WARN_INFINITE_RECURSION = YES;
				CLANG_WARN_INT_CONVERSION = YES;
				CLANG_WARN_NON_LITERAL_NULL_CONVERSION = YES;
				CLANG_WARN_OBJC_IMPLICIT_RETAIN_SELF = YES;
				CLANG_WARN_OBJC_LITERAL_CONVERSION = YES;
				CLANG_WARN_OBJC_ROOT_CLASS = YES_ERROR;
				CLANG_WARN_QUOTED_INCLUDE_IN_FRAMEWORK_HEADER = YES;
				CLANG_WARN_RANGE_LOOP_ANALYSIS = YES;
				CLANG_WARN_STRICT_PROTOTYPES = YES;
				CLANG_WARN_SUSPICIOUS_MOVE = YES;
				CLANG_WARN_UNGUARDED_AVAILABILITY = YES_AGGRESSIVE;
				CLANG_WARN_UNREACHABLE_CODE = YES;
				CLANG_WARN__DUPLICATE_METHOD_MATCH = YES;
				COPY_PHASE_STRIP = NO;
				DEBUG_INFORMATION_FORMAT = dwarf;
				ENABLE_STRICT_OBJC_MSGSEND = YES;
				ENABLE_TESTABILITY = YES;
				GCC_C_LANGUAGE_STANDARD = gnu11;
				GCC_DYNAMIC_NO_PIC = NO;
				GCC_NO_COMMON_BLOCKS = YES;
				GCC_OPTIMIZATION_LEVEL = 0;
				GCC_PREPROCESSOR_DEFINITIONS = (
					"DEBUG=1",
					"$(inherited)",
				);
				GCC_WARN_64_TO_32_BIT_CONVERSION = YES;
				GCC_WARN_ABOUT_RETURN_TYPE = YES_ERROR;
				GCC_WARN_UNDECLARED_SELECTOR = YES;
				GCC_WARN_UNINITIALIZED_AUTOS = YES_AGGRESSIVE;
				GCC_WARN_UNUSED_FUNCTION = YES;
				GCC_WARN_UNUSED_VARIABLE = YES;
				IPHONEOS_DEPLOYMENT_TARGET = 15.2;
				MTL_ENABLE_DEBUG_INFO = INCLUDE_SOURCE;
				MTL_FAST_MATH = YES;
				ONLY_ACTIVE_ARCH = YES;
				SDKROOT = iphoneos;
				SWIFT_ACTIVE_COMPILATION_CONDITIONS = DEBUG;
				SWIFT_OPTIMIZATION_LEVEL = "-Onone";
			};
			name = Debug;
		};
		046BA0FB283F74E100E62FD9 /* Release */ = {
			isa = XCBuildConfiguration;
			buildSettings = {
				ALWAYS_SEARCH_USER_PATHS = NO;
				CLANG_ANALYZER_NONNULL = YES;
				CLANG_ANALYZER_NUMBER_OBJECT_CONVERSION = YES_AGGRESSIVE;
				CLANG_CXX_LANGUAGE_STANDARD = "gnu++17";
				CLANG_CXX_LIBRARY = "libc++";
				CLANG_ENABLE_MODULES = YES;
				CLANG_ENABLE_OBJC_ARC = YES;
				CLANG_ENABLE_OBJC_WEAK = YES;
				CLANG_WARN_BLOCK_CAPTURE_AUTORELEASING = YES;
				CLANG_WARN_BOOL_CONVERSION = YES;
				CLANG_WARN_COMMA = YES;
				CLANG_WARN_CONSTANT_CONVERSION = YES;
				CLANG_WARN_DEPRECATED_OBJC_IMPLEMENTATIONS = YES;
				CLANG_WARN_DIRECT_OBJC_ISA_USAGE = YES_ERROR;
				CLANG_WARN_DOCUMENTATION_COMMENTS = YES;
				CLANG_WARN_EMPTY_BODY = YES;
				CLANG_WARN_ENUM_CONVERSION = YES;
				CLANG_WARN_INFINITE_RECURSION = YES;
				CLANG_WARN_INT_CONVERSION = YES;
				CLANG_WARN_NON_LITERAL_NULL_CONVERSION = YES;
				CLANG_WARN_OBJC_IMPLICIT_RETAIN_SELF = YES;
				CLANG_WARN_OBJC_LITERAL_CONVERSION = YES;
				CLANG_WARN_OBJC_ROOT_CLASS = YES_ERROR;
				CLANG_WARN_QUOTED_INCLUDE_IN_FRAMEWORK_HEADER = YES;
				CLANG_WARN_RANGE_LOOP_ANALYSIS = YES;
				CLANG_WARN_STRICT_PROTOTYPES = YES;
				CLANG_WARN_SUSPICIOUS_MOVE = YES;
				CLANG_WARN_UNGUARDED_AVAILABILITY = YES_AGGRESSIVE;
				CLANG_WARN_UNREACHABLE_CODE = YES;
				CLANG_WARN__DUPLICATE_METHOD_MATCH = YES;
				COPY_PHASE_STRIP = NO;
				DEBUG_INFORMATION_FORMAT = "dwarf-with-dsym";
				ENABLE_NS_ASSERTIONS = NO;
				ENABLE_STRICT_OBJC_MSGSEND = YES;
				GCC_C_LANGUAGE_STANDARD = gnu11;
				GCC_NO_COMMON_BLOCKS = YES;
				GCC_WARN_64_TO_32_BIT_CONVERSION = YES;
				GCC_WARN_ABOUT_RETURN_TYPE = YES_ERROR;
				GCC_WARN_UNDECLARED_SELECTOR = YES;
				GCC_WARN_UNINITIALIZED_AUTOS = YES_AGGRESSIVE;
				GCC_WARN_UNUSED_FUNCTION = YES;
				GCC_WARN_UNUSED_VARIABLE = YES;
				IPHONEOS_DEPLOYMENT_TARGET = 15.2;
				MTL_ENABLE_DEBUG_INFO = NO;
				MTL_FAST_MATH = YES;
				SDKROOT = iphoneos;
				SWIFT_COMPILATION_MODE = wholemodule;
				SWIFT_OPTIMIZATION_LEVEL = "-O";
				VALIDATE_PRODUCT = YES;
			};
			name = Release;
		};
		046BA0FD283F74E100E62FD9 /* Debug */ = {
			isa = XCBuildConfiguration;
			buildSettings = {
				ASSETCATALOG_COMPILER_APPICON_NAME = AppIcon;
				ASSETCATALOG_COMPILER_GLOBAL_ACCENT_COLOR_NAME = AccentColor;
				CODE_SIGN_STYLE = Automatic;
				CURRENT_PROJECT_VERSION = 1;
				DEVELOPMENT_TEAM = PY76VYDPK7;
				GENERATE_INFOPLIST_FILE = YES;
				INFOPLIST_FILE = MyProjectOne/Info.plist;
				INFOPLIST_KEY_UIApplicationSupportsIndirectInputEvents = YES;
				INFOPLIST_KEY_UILaunchStoryboardName = LaunchScreen;
				INFOPLIST_KEY_UIMainStoryboardFile = Main;
				INFOPLIST_KEY_UISupportedInterfaceOrientations = UIInterfaceOrientationPortrait;
				INFOPLIST_KEY_UISupportedInterfaceOrientations_iPad = "UIInterfaceOrientationPortrait UIInterfaceOrientationPortraitUpsideDown UIInterfaceOrientationLandscapeLeft UIInterfaceOrientationLandscapeRight";
				INFOPLIST_KEY_UISupportedInterfaceOrientations_iPhone = "UIInterfaceOrientationPortrait UIInterfaceOrientationLandscapeLeft UIInterfaceOrientationLandscapeRight";
				LD_RUNPATH_SEARCH_PATHS = (
					"$(inherited)",
					"@executable_path/Frameworks",
				);
				MARKETING_VERSION = 1.0;
				PRODUCT_BUNDLE_IDENTIFIER = Home.MyProjectOne;
				PRODUCT_NAME = "$(TARGET_NAME)";
				SWIFT_EMIT_LOC_STRINGS = YES;
				SWIFT_VERSION = 5.0;
				TARGETED_DEVICE_FAMILY = 1;
			};
			name = Debug;
		};
		046BA0FE283F74E100E62FD9 /* Release */ = {
			isa = XCBuildConfiguration;
			buildSettings = {
				ASSETCATALOG_COMPILER_APPICON_NAME = AppIcon;
				ASSETCATALOG_COMPILER_GLOBAL_ACCENT_COLOR_NAME = AccentColor;
				CODE_SIGN_STYLE = Automatic;
				CURRENT_PROJECT_VERSION = 1;
				DEVELOPMENT_TEAM = PY76VYDPK7;
				GENERATE_INFOPLIST_FILE = YES;
				INFOPLIST_FILE = MyProjectOne/Info.plist;
				INFOPLIST_KEY_UIApplicationSupportsIndirectInputEvents = YES;
				INFOPLIST_KEY_UILaunchStoryboardName = LaunchScreen;
				INFOPLIST_KEY_UIMainStoryboardFile = Main;
				INFOPLIST_KEY_UISupportedInterfaceOrientations = UIInterfaceOrientationPortrait;
				INFOPLIST_KEY_UISupportedInterfaceOrientations_iPad = "UIInterfaceOrientationPortrait UIInterfaceOrientationPortraitUpsideDown UIInterfaceOrientationLandscapeLeft UIInterfaceOrientationLandscapeRight";
				INFOPLIST_KEY_UISupportedInterfaceOrientations_iPhone = "UIInterfaceOrientationPortrait UIInterfaceOrientationLandscapeLeft UIInterfaceOrientationLandscapeRight";
				LD_RUNPATH_SEARCH_PATHS = (
					"$(inherited)",
					"@executable_path/Frameworks",
				);
				MARKETING_VERSION = 1.0;
				PRODUCT_BUNDLE_IDENTIFIER = Home.MyProjectOne;
				PRODUCT_NAME = "$(TARGET_NAME)";
				SWIFT_EMIT_LOC_STRINGS = YES;
				SWIFT_VERSION = 5.0;
				TARGETED_DEVICE_FAMILY = 1;
			};
			name = Release;
		};
/* End XCBuildConfiguration section */

/* Begin XCConfigurationList section */
		046BA0E3283F74E000E62FD9 /* Build configuration list for PBXProject "MyProjectOne" */ = {
			isa = XCConfigurationList;
			buildConfigurations = (
				046BA0FA283F74E100E62FD9 /* Debug */,
				046BA0FB283F74E100E62FD9 /* Release */,
			);
			defaultConfigurationIsVisible = 0;
			defaultConfigurationName = Release;
		};
		046BA0FC283F74E100E62FD9 /* Build configuration list for PBXNativeTarget "MyProjectOne" */ = {
			isa = XCConfigurationList;
			buildConfigurations = (
				046BA0FD283F74E100E62FD9 /* Debug */,
				046BA0FE283F74E100E62FD9 /* Release */,
			);
			defaultConfigurationIsVisible = 0;
			defaultConfigurationName = Release;
		};
/* End XCConfigurationList section */
	};
	rootObject = 046BA0E0283F74E000E62FD9 /* Project object */;
}
